
Microsoft Visual Studio Solution File, Format Version 12.00
# Visual Studio Version 17
VisualStudioVersion = 17.11.35312.102
MinimumVisualStudioVersion = 10.0.40219.1
Project("{FAE04EC0-301F-11D3-BF4B-00C04F79EFBC}") = "CasoPractico1_G8", "CasoPractico1_G8\CasoPractico1_G8.csproj", "{02682DA3-F1F4-4C87-BBDE-A9165C20EAC4}"
EndProject
Global
	GlobalSection(SolutionConfigurationPlatforms) = preSolution
		Debug|Any CPU = Debug|Any CPU
		Release|Any CPU = Release|Any CPU
	EndGlobalSection
	GlobalSection(ProjectConfigurationPlatforms) = postSolution
		{02682DA3-F1F4-4C87-BBDE-A9165C20EAC4}.Debug|Any CPU.ActiveCfg = Debug|Any CPU
		{02682DA3-F1F4-4C87-BBDE-A9165C20EAC4}.Debug|Any CPU.Build.0 = Debug|Any CPU
		{02682DA3-F1F4-4C87-BBDE-A9165C20EAC4}.Release|Any CPU.ActiveCfg = Release|Any CPU
		{02682DA3-F1F4-4C87-BBDE-A9165C20EAC4}.Release|Any CPU.Build.0 = Release|Any CPU
	EndGlobalSection
	GlobalSection(SolutionProperties) = preSolution
		HideSolutionNode = FALSE
	EndGlobalSection
	GlobalSection(ExtensibilityGlobals) = postSolution
		SolutionGuid = {8EA8FFFA-2CF0-4E89-991F-4B1DD8CAE06F}
	EndGlobalSection
EndGlobal
